// !$*UTF8*$!
{
	archiveVersion = 1;
	classes = {
	};
	objectVersion = 51;
	objects = {

/* Begin PBXBuildFile section */
		7B0709B34724022E0923078A /* Pods_FireChat.framework in Frameworks */ = {isa = PBXBuildFile; fileRef = DA5DE5283A4014071B914029 /* Pods_FireChat.framework */; };
		CB1315A724EFBE3F00F86D99 /* GoogleService-Info.plist in Resources */ = {isa = PBXBuildFile; fileRef = CB1315A624EFBE3F00F86D99 /* GoogleService-Info.plist */; };
		CBE4166324ED0A34009A23AB /* AppDelegate.swift in Sources */ = {isa = PBXBuildFile; fileRef = CBE4166224ED0A34009A23AB /* AppDelegate.swift */; };
		CBE4166524ED0A34009A23AB /* SceneDelegate.swift in Sources */ = {isa = PBXBuildFile; fileRef = CBE4166424ED0A34009A23AB /* SceneDelegate.swift */; };
		CBE4166724ED0A34009A23AB /* ViewController.swift in Sources */ = {isa = PBXBuildFile; fileRef = CBE4166624ED0A34009A23AB /* ViewController.swift */; };
		CBE4166A24ED0A34009A23AB /* Main.storyboard in Resources */ = {isa = PBXBuildFile; fileRef = CBE4166824ED0A34009A23AB /* Main.storyboard */; };
		CBE4166C24ED0A36009A23AB /* Assets.xcassets in Resources */ = {isa = PBXBuildFile; fileRef = CBE4166B24ED0A36009A23AB /* Assets.xcassets */; };
		CBE4166F24ED0A36009A23AB /* LaunchScreen.storyboard in Resources */ = {isa = PBXBuildFile; fileRef = CBE4166D24ED0A36009A23AB /* LaunchScreen.storyboard */; };
		CBE4168024ED0ADB009A23AB /* ConversationsController.swift in Sources */ = {isa = PBXBuildFile; fileRef = CBE4167F24ED0ADB009A23AB /* ConversationsController.swift */; };
		CBE4168324ED159B009A23AB /* LoginController.swift in Sources */ = {isa = PBXBuildFile; fileRef = CBE4168224ED159B009A23AB /* LoginController.swift */; };
		CBE4168524ED15A6009A23AB /* RegistrationController.swift in Sources */ = {isa = PBXBuildFile; fileRef = CBE4168424ED15A6009A23AB /* RegistrationController.swift */; };
		CBE4168724ED1999009A23AB /* UIView + constraints.swift in Sources */ = {isa = PBXBuildFile; fileRef = CBE4168624ED1999009A23AB /* UIView + constraints.swift */; };
		CBE4168B24EE5160009A23AB /* InputContainerView.swift in Sources */ = {isa = PBXBuildFile; fileRef = CBE4168A24EE5160009A23AB /* InputContainerView.swift */; };
		CBE4168D24EE5F8B009A23AB /* CustomButton.swift in Sources */ = {isa = PBXBuildFile; fileRef = CBE4168C24EE5F8B009A23AB /* CustomButton.swift */; };
		CBE4169124EE6627009A23AB /* BottomButton.swift in Sources */ = {isa = PBXBuildFile; fileRef = CBE4169024EE6627009A23AB /* BottomButton.swift */; };
		CBE4169324EE6CC4009A23AB /* UIViewController + configureGradientBackground.swift in Sources */ = {isa = PBXBuildFile; fileRef = CBE4169224EE6CC4009A23AB /* UIViewController + configureGradientBackground.swift */; };
		CBE4169524EE717E009A23AB /* UIViewController + configureStackView.swift in Sources */ = {isa = PBXBuildFile; fileRef = CBE4169424EE717E009A23AB /* UIViewController + configureStackView.swift */; };
		CBE4169724EE7B9F009A23AB /* LoginViewModel.swift in Sources */ = {isa = PBXBuildFile; fileRef = CBE4169624EE7B9F009A23AB /* LoginViewModel.swift */; };
		CBE4169D24EEA865009A23AB /* RegistrationViewModel.swift in Sources */ = {isa = PBXBuildFile; fileRef = CBE4169C24EEA865009A23AB /* RegistrationViewModel.swift */; };
		CBF7BE3D24F0F91800076540 /* AuthService.swift in Sources */ = {isa = PBXBuildFile; fileRef = CBF7BE3C24F0F91800076540 /* AuthService.swift */; };
/* End PBXBuildFile section */

/* Begin PBXFileReference section */
		25B1086A05EEDE7A117538FC /* Pods-FireChat.debug.xcconfig */ = {isa = PBXFileReference; includeInIndex = 1; lastKnownFileType = text.xcconfig; name = "Pods-FireChat.debug.xcconfig"; path = "Target Support Files/Pods-FireChat/Pods-FireChat.debug.xcconfig"; sourceTree = "<group>"; };
		6217E6873D68D33EE2D170C9 /* Pods-FireChat.release.xcconfig */ = {isa = PBXFileReference; includeInIndex = 1; lastKnownFileType = text.xcconfig; name = "Pods-FireChat.release.xcconfig"; path = "Target Support Files/Pods-FireChat/Pods-FireChat.release.xcconfig"; sourceTree = "<group>"; };
		CB1315A624EFBE3F00F86D99 /* GoogleService-Info.plist */ = {isa = PBXFileReference; lastKnownFileType = text.plist; path = "GoogleService-Info.plist"; sourceTree = SOURCE_ROOT; };
		CBE4165F24ED0A34009A23AB /* FireChat.app */ = {isa = PBXFileReference; explicitFileType = wrapper.application; includeInIndex = 0; path = FireChat.app; sourceTree = BUILT_PRODUCTS_DIR; };
		CBE4166224ED0A34009A23AB /* AppDelegate.swift */ = {isa = PBXFileReference; lastKnownFileType = sourcecode.swift; path = AppDelegate.swift; sourceTree = "<group>"; };
		CBE4166424ED0A34009A23AB /* SceneDelegate.swift */ = {isa = PBXFileReference; lastKnownFileType = sourcecode.swift; path = SceneDelegate.swift; sourceTree = "<group>"; };
		CBE4166624ED0A34009A23AB /* ViewController.swift */ = {isa = PBXFileReference; lastKnownFileType = sourcecode.swift; path = ViewController.swift; sourceTree = "<group>"; };
		CBE4166924ED0A34009A23AB /* Base */ = {isa = PBXFileReference; lastKnownFileType = file.storyboard; name = Base; path = Base.lproj/Main.storyboard; sourceTree = "<group>"; };
		CBE4166B24ED0A36009A23AB /* Assets.xcassets */ = {isa = PBXFileReference; lastKnownFileType = folder.assetcatalog; path = Assets.xcassets; sourceTree = "<group>"; };
		CBE4166E24ED0A36009A23AB /* Base */ = {isa = PBXFileReference; lastKnownFileType = file.storyboard; name = Base; path = Base.lproj/LaunchScreen.storyboard; sourceTree = "<group>"; };
		CBE4167024ED0A36009A23AB /* Info.plist */ = {isa = PBXFileReference; lastKnownFileType = text.plist.xml; path = Info.plist; sourceTree = "<group>"; };
		CBE4167F24ED0ADB009A23AB /* ConversationsController.swift */ = {isa = PBXFileReference; lastKnownFileType = sourcecode.swift; path = ConversationsController.swift; sourceTree = "<group>"; };
		CBE4168224ED159B009A23AB /* LoginController.swift */ = {isa = PBXFileReference; lastKnownFileType = sourcecode.swift; path = LoginController.swift; sourceTree = "<group>"; };
		CBE4168424ED15A6009A23AB /* RegistrationController.swift */ = {isa = PBXFileReference; lastKnownFileType = sourcecode.swift; path = RegistrationController.swift; sourceTree = "<group>"; };
		CBE4168624ED1999009A23AB /* UIView + constraints.swift */ = {isa = PBXFileReference; lastKnownFileType = sourcecode.swift; path = "UIView + constraints.swift"; sourceTree = "<group>"; };
		CBE4168A24EE5160009A23AB /* InputContainerView.swift */ = {isa = PBXFileReference; lastKnownFileType = sourcecode.swift; path = InputContainerView.swift; sourceTree = "<group>"; };
		CBE4168C24EE5F8B009A23AB /* CustomButton.swift */ = {isa = PBXFileReference; lastKnownFileType = sourcecode.swift; path = CustomButton.swift; sourceTree = "<group>"; };
		CBE4169024EE6627009A23AB /* BottomButton.swift */ = {isa = PBXFileReference; lastKnownFileType = sourcecode.swift; path = BottomButton.swift; sourceTree = "<group>"; };
		CBE4169224EE6CC4009A23AB /* UIViewController + configureGradientBackground.swift */ = {isa = PBXFileReference; lastKnownFileType = sourcecode.swift; path = "UIViewController + configureGradientBackground.swift"; sourceTree = "<group>"; };
		CBE4169424EE717E009A23AB /* UIViewController + configureStackView.swift */ = {isa = PBXFileReference; lastKnownFileType = sourcecode.swift; path = "UIViewController + configureStackView.swift"; sourceTree = "<group>"; };
		CBE4169624EE7B9F009A23AB /* LoginViewModel.swift */ = {isa = PBXFileReference; lastKnownFileType = sourcecode.swift; path = LoginViewModel.swift; sourceTree = "<group>"; };
		CBE4169C24EEA865009A23AB /* RegistrationViewModel.swift */ = {isa = PBXFileReference; lastKnownFileType = sourcecode.swift; path = RegistrationViewModel.swift; sourceTree = "<group>"; };
		CBF7BE3C24F0F91800076540 /* AuthService.swift */ = {isa = PBXFileReference; lastKnownFileType = sourcecode.swift; path = AuthService.swift; sourceTree = "<group>"; };
		DA5DE5283A4014071B914029 /* Pods_FireChat.framework */ = {isa = PBXFileReference; explicitFileType = wrapper.framework; includeInIndex = 0; path = Pods_FireChat.framework; sourceTree = BUILT_PRODUCTS_DIR; };
/* End PBXFileReference section */

/* Begin PBXFrameworksBuildPhase section */
		CBE4165C24ED0A34009A23AB /* Frameworks */ = {
			isa = PBXFrameworksBuildPhase;
			buildActionMask = 2147483647;
			files = (
				7B0709B34724022E0923078A /* Pods_FireChat.framework in Frameworks */,
			);
			runOnlyForDeploymentPostprocessing = 0;
		};
/* End PBXFrameworksBuildPhase section */

/* Begin PBXGroup section */
		43E62200793A22C72BE584E9 /* Frameworks */ = {
			isa = PBXGroup;
			children = (
				DA5DE5283A4014071B914029 /* Pods_FireChat.framework */,
			);
			name = Frameworks;
			sourceTree = "<group>";
		};
		955A92B57BC9A57CB0BED06C /* Pods */ = {
			isa = PBXGroup;
			children = (
				25B1086A05EEDE7A117538FC /* Pods-FireChat.debug.xcconfig */,
				6217E6873D68D33EE2D170C9 /* Pods-FireChat.release.xcconfig */,
			);
			path = Pods;
			sourceTree = "<group>";
		};
		CBE4165624ED0A34009A23AB = {
			isa = PBXGroup;
			children = (
				CBE4166124ED0A34009A23AB /* FireChat */,
				CBE4166024ED0A34009A23AB /* Products */,
				955A92B57BC9A57CB0BED06C /* Pods */,
				43E62200793A22C72BE584E9 /* Frameworks */,
			);
			sourceTree = "<group>";
		};
		CBE4166024ED0A34009A23AB /* Products */ = {
			isa = PBXGroup;
			children = (
				CBE4165F24ED0A34009A23AB /* FireChat.app */,
			);
			name = Products;
			sourceTree = "<group>";
		};
		CBE4166124ED0A34009A23AB /* FireChat */ = {
			isa = PBXGroup;
			children = (
				CBE4167E24ED0A78009A23AB /* Model */,
				CBE4167D24ED0A71009A23AB /* View */,
				CBE4167C24ED0A6A009A23AB /* ViewModel */,
				CBE4167B24ED0A68009A23AB /* Controller */,
				CBE4167824ED0A5B009A23AB /* API */,
				CBE4167624ED0A41009A23AB /* Extensions */,
				CBE4166224ED0A34009A23AB /* AppDelegate.swift */,
				CBE4166424ED0A34009A23AB /* SceneDelegate.swift */,
				CBE4166624ED0A34009A23AB /* ViewController.swift */,
				CBE4166824ED0A34009A23AB /* Main.storyboard */,
				CBE4166B24ED0A36009A23AB /* Assets.xcassets */,
				CBE4166D24ED0A36009A23AB /* LaunchScreen.storyboard */,
				CB1315A624EFBE3F00F86D99 /* GoogleService-Info.plist */,
				CBE4167024ED0A36009A23AB /* Info.plist */,
			);
			path = FireChat;
			sourceTree = "<group>";
		};
		CBE4167624ED0A41009A23AB /* Extensions */ = {
			isa = PBXGroup;
			children = (
				CBE4168624ED1999009A23AB /* UIView + constraints.swift */,
				CBE4169224EE6CC4009A23AB /* UIViewController + configureGradientBackground.swift */,
				CBE4169424EE717E009A23AB /* UIViewController + configureStackView.swift */,
			);
			path = Extensions;
			sourceTree = "<group>";
		};
		CBE4167824ED0A5B009A23AB /* API */ = {
			isa = PBXGroup;
			children = (
			);
			path = API;
			sourceTree = "<group>";
		};
		CBE4167B24ED0A68009A23AB /* Controller */ = {
			isa = PBXGroup;
			children = (
				CBE4168124ED1583009A23AB /* Authentification */,
				CBE4167F24ED0ADB009A23AB /* ConversationsController.swift */,
			);
			path = Controller;
			sourceTree = "<group>";
		};
		CBE4167C24ED0A6A009A23AB /* ViewModel */ = {
			isa = PBXGroup;
			children = (
				CBE4169A24EEA78C009A23AB /* Authentification */,
			);
			path = ViewModel;
			sourceTree = "<group>";
		};
		CBE4167D24ED0A71009A23AB /* View */ = {
			isa = PBXGroup;
			children = (
				CBE4168A24EE5160009A23AB /* InputContainerView.swift */,
				CBE4168C24EE5F8B009A23AB /* CustomButton.swift */,
				CBE4169024EE6627009A23AB /* BottomButton.swift */,
			);
			path = View;
			sourceTree = "<group>";
		};
		CBE4167E24ED0A78009A23AB /* Model */ = {
			isa = PBXGroup;
			children = (
				CBF7BE3C24F0F91800076540 /* AuthService.swift */,
			);
			path = Model;
			sourceTree = "<group>";
		};
		CBE4168124ED1583009A23AB /* Authentification */ = {
			isa = PBXGroup;
			children = (
				CBE4168224ED159B009A23AB /* LoginController.swift */,
				CBE4168424ED15A6009A23AB /* RegistrationController.swift */,
			);
			path = Authentification;
			sourceTree = "<group>";
		};
		CBE4169A24EEA78C009A23AB /* Authentification */ = {
			isa = PBXGroup;
			children = (
				CBE4169624EE7B9F009A23AB /* LoginViewModel.swift */,
				CBE4169C24EEA865009A23AB /* RegistrationViewModel.swift */,
			);
			path = Authentification;
			sourceTree = "<group>";
		};
/* End PBXGroup section */

/* Begin PBXNativeTarget section */
		CBE4165E24ED0A34009A23AB /* FireChat */ = {
			isa = PBXNativeTarget;
			buildConfigurationList = CBE4167324ED0A36009A23AB /* Build configuration list for PBXNativeTarget "FireChat" */;
			buildPhases = (
				30472B29573A07B660C9DD87 /* [CP] Check Pods Manifest.lock */,
				CBE4165B24ED0A34009A23AB /* Sources */,
				CBE4165C24ED0A34009A23AB /* Frameworks */,
				CBE4165D24ED0A34009A23AB /* Resources */,
				F44EB4ECA53CAA6BF0D733BE /* [CP] Embed Pods Frameworks */,
			);
			buildRules = (
			);
			dependencies = (
			);
			name = FireChat;
			productName = FireChat;
			productReference = CBE4165F24ED0A34009A23AB /* FireChat.app */;
			productType = "com.apple.product-type.application";
		};
/* End PBXNativeTarget section */

/* Begin PBXProject section */
		CBE4165724ED0A34009A23AB /* Project object */ = {
			isa = PBXProject;
			attributes = {
				LastSwiftUpdateCheck = 1130;
				LastUpgradeCheck = 1130;
				ORGANIZATIONNAME = "Merouane Bellaha";
				TargetAttributes = {
					CBE4165E24ED0A34009A23AB = {
						CreatedOnToolsVersion = 11.3;
					};
				};
			};
			buildConfigurationList = CBE4165A24ED0A34009A23AB /* Build configuration list for PBXProject "FireChat" */;
			compatibilityVersion = "Xcode 9.3";
			developmentRegion = en;
			hasScannedForEncodings = 0;
			knownRegions = (
				en,
				Base,
			);
			mainGroup = CBE4165624ED0A34009A23AB;
			productRefGroup = CBE4166024ED0A34009A23AB /* Products */;
			projectDirPath = "";
			projectRoot = "";
			targets = (
				CBE4165E24ED0A34009A23AB /* FireChat */,
			);
		};
/* End PBXProject section */

/* Begin PBXResourcesBuildPhase section */
		CBE4165D24ED0A34009A23AB /* Resources */ = {
			isa = PBXResourcesBuildPhase;
			buildActionMask = 2147483647;
			files = (
				CBE4166F24ED0A36009A23AB /* LaunchScreen.storyboard in Resources */,
				CB1315A724EFBE3F00F86D99 /* GoogleService-Info.plist in Resources */,
				CBE4166C24ED0A36009A23AB /* Assets.xcassets in Resources */,
				CBE4166A24ED0A34009A23AB /* Main.storyboard in Resources */,
			);
			runOnlyForDeploymentPostprocessing = 0;
		};
/* End PBXResourcesBuildPhase section */

/* Begin PBXShellScriptBuildPhase section */
		30472B29573A07B660C9DD87 /* [CP] Check Pods Manifest.lock */ = {
			isa = PBXShellScriptBuildPhase;
			buildActionMask = 2147483647;
			files = (
			);
			inputFileListPaths = (
			);
			inputPaths = (
				"${PODS_PODFILE_DIR_PATH}/Podfile.lock",
				"${PODS_ROOT}/Manifest.lock",
			);
			name = "[CP] Check Pods Manifest.lock";
			outputFileListPaths = (
			);
			outputPaths = (
				"$(DERIVED_FILE_DIR)/Pods-FireChat-checkManifestLockResult.txt",
			);
			runOnlyForDeploymentPostprocessing = 0;
			shellPath = /bin/sh;
			shellScript = "diff \"${PODS_PODFILE_DIR_PATH}/Podfile.lock\" \"${PODS_ROOT}/Manifest.lock\" > /dev/null\nif [ $? != 0 ] ; then\n    # print error to STDERR\n    echo \"error: The sandbox is not in sync with the Podfile.lock. Run 'pod install' or update your CocoaPods installation.\" >&2\n    exit 1\nfi\n# This output is used by Xcode 'outputs' to avoid re-running this script phase.\necho \"SUCCESS\" > \"${SCRIPT_OUTPUT_FILE_0}\"\n";
			showEnvVarsInLog = 0;
		};
		F44EB4ECA53CAA6BF0D733BE /* [CP] Embed Pods Frameworks */ = {
			isa = PBXShellScriptBuildPhase;
			buildActionMask = 2147483647;
			files = (
			);
			inputFileListPaths = (
				"${PODS_ROOT}/Target Support Files/Pods-FireChat/Pods-FireChat-frameworks-${CONFIGURATION}-input-files.xcfilelist",
			);
			name = "[CP] Embed Pods Frameworks";
			outputFileListPaths = (
				"${PODS_ROOT}/Target Support Files/Pods-FireChat/Pods-FireChat-frameworks-${CONFIGURATION}-output-files.xcfilelist",
			);
			runOnlyForDeploymentPostprocessing = 0;
			shellPath = /bin/sh;
			shellScript = "\"${PODS_ROOT}/Target Support Files/Pods-FireChat/Pods-FireChat-frameworks.sh\"\n";
			showEnvVarsInLog = 0;
		};
/* End PBXShellScriptBuildPhase section */

/* Begin PBXSourcesBuildPhase section */
		CBE4165B24ED0A34009A23AB /* Sources */ = {
			isa = PBXSourcesBuildPhase;
			buildActionMask = 2147483647;
			files = (
				CBE4166724ED0A34009A23AB /* ViewController.swift in Sources */,
				CBE4168B24EE5160009A23AB /* InputContainerView.swift in Sources */,
				CBE4166324ED0A34009A23AB /* AppDelegate.swift in Sources */,
				CBE4169324EE6CC4009A23AB /* UIViewController + configureGradientBackground.swift in Sources */,
				CBE4168D24EE5F8B009A23AB /* CustomButton.swift in Sources */,
				CBE4169524EE717E009A23AB /* UIViewController + configureStackView.swift in Sources */,
				CBE4168024ED0ADB009A23AB /* ConversationsController.swift in Sources */,
				CBE4166524ED0A34009A23AB /* SceneDelegate.swift in Sources */,
				CBE4169724EE7B9F009A23AB /* LoginViewModel.swift in Sources */,
				CBE4169124EE6627009A23AB /* BottomButton.swift in Sources */,
				CBE4168524ED15A6009A23AB /* RegistrationController.swift in Sources */,
				CBE4168324ED159B009A23AB /* LoginController.swift in Sources */,
				CBE4168724ED1999009A23AB /* UIView + constraints.swift in Sources */,
				CBE4169D24EEA865009A23AB /* RegistrationViewModel.swift in Sources */,
				CBF7BE3D24F0F91800076540 /* AuthService.swift in Sources */,
			);
			runOnlyForDeploymentPostprocessing = 0;
		};
/* End PBXSourcesBuildPhase section */

/* Begin PBXVariantGroup section */
		CBE4166824ED0A34009A23AB /* Main.storyboard */ = {
			isa = PBXVariantGroup;
			children = (
				CBE4166924ED0A34009A23AB /* Base */,
			);
			name = Main.storyboard;
			sourceTree = "<group>";
		};
		CBE4166D24ED0A36009A23AB /* LaunchScreen.storyboard */ = {
			isa = PBXVariantGroup;
			children = (
				CBE4166E24ED0A36009A23AB /* Base */,
			);
			name = LaunchScreen.storyboard;
			sourceTree = "<group>";
		};
/* End PBXVariantGroup section */

/* Begin XCBuildConfiguration section */
		CBE4167124ED0A36009A23AB /* Debug */ = {
			isa = XCBuildConfiguration;
			buildSettings = {
				ALWAYS_SEARCH_USER_PATHS = NO;
				CLANG_ANALYZER_NONNULL = YES;
				CLANG_ANALYZER_NUMBER_OBJECT_CONVERSION = YES_AGGRESSIVE;
				CLANG_CXX_LANGUAGE_STANDARD = "gnu++14";
				CLANG_CXX_LIBRARY = "libc++";
				CLANG_ENABLE_MODULES = YES;
				CLANG_ENABLE_OBJC_ARC = YES;
				CLANG_ENABLE_OBJC_WEAK = YES;
				CLANG_WARN_BLOCK_CAPTURE_AUTORELEASING = YES;
				CLANG_WARN_BOOL_CONVERSION = YES;
				CLANG_WARN_COMMA = YES;
				CLANG_WARN_CONSTANT_CONVERSION = YES;
				CLANG_WARN_DEPRECATED_OBJC_IMPLEMENTATIONS = YES;
				CLANG_WARN_DIRECT_OBJC_ISA_USAGE = YES_ERROR;
				CLANG_WARN_DOCUMENTATION_COMMENTS = YES;
				CLANG_WARN_EMPTY_BODY = YES;
				CLANG_WARN_ENUM_CONVERSION = YES;
				CLANG_WARN_INFINITE_RECURSION = YES;
				CLANG_WARN_INT_CONVERSION = YES;
				CLANG_WARN_NON_LITERAL_NULL_CONVERSION = YES;
				CLANG_WARN_OBJC_IMPLICIT_RETAIN_SELF = YES;
				CLANG_WARN_OBJC_LITERAL_CONVERSION = YES;
				CLANG_WARN_OBJC_ROOT_CLASS = YES_ERROR;
				CLANG_WARN_RANGE_LOOP_ANALYSIS = YES;
				CLANG_WARN_STRICT_PROTOTYPES = YES;
				CLANG_WARN_SUSPICIOUS_MOVE = YES;
				CLANG_WARN_UNGUARDED_AVAILABILITY = YES_AGGRESSIVE;
				CLANG_WARN_UNREACHABLE_CODE = YES;
				CLANG_WARN__DUPLICATE_METHOD_MATCH = YES;
				COPY_PHASE_STRIP = NO;
				DEBUG_INFORMATION_FORMAT = dwarf;
				ENABLE_STRICT_OBJC_MSGSEND = YES;
				ENABLE_TESTABILITY = YES;
				GCC_C_LANGUAGE_STANDARD = gnu11;
				GCC_DYNAMIC_NO_PIC = NO;
				GCC_NO_COMMON_BLOCKS = YES;
				GCC_OPTIMIZATION_LEVEL = 0;
				GCC_PREPROCESSOR_DEFINITIONS = (
					"DEBUG=1",
					"$(inherited)",
				);
				GCC_WARN_64_TO_32_BIT_CONVERSION = YES;
				GCC_WARN_ABOUT_RETURN_TYPE = YES_ERROR;
				GCC_WARN_UNDECLARED_SELECTOR = YES;
				GCC_WARN_UNINITIALIZED_AUTOS = YES_AGGRESSIVE;
				GCC_WARN_UNUSED_FUNCTION = YES;
				GCC_WARN_UNUSED_VARIABLE = YES;
				IPHONEOS_DEPLOYMENT_TARGET = 13.2;
				MTL_ENABLE_DEBUG_INFO = INCLUDE_SOURCE;
				MTL_FAST_MATH = YES;
				ONLY_ACTIVE_ARCH = YES;
				SDKROOT = iphoneos;
				SWIFT_ACTIVE_COMPILATION_CONDITIONS = DEBUG;
				SWIFT_OPTIMIZATION_LEVEL = "-Onone";
			};
			name = Debug;
		};
		CBE4167224ED0A36009A23AB /* Release */ = {
			isa = XCBuildConfiguration;
			buildSettings = {
				ALWAYS_SEARCH_USER_PATHS = NO;
				CLANG_ANALYZER_NONNULL = YES;
				CLANG_ANALYZER_NUMBER_OBJECT_CONVERSION = YES_AGGRESSIVE;
				CLANG_CXX_LANGUAGE_STANDARD = "gnu++14";
				CLANG_CXX_LIBRARY = "libc++";
				CLANG_ENABLE_MODULES = YES;
				CLANG_ENABLE_OBJC_ARC = YES;
				CLANG_ENABLE_OBJC_WEAK = YES;
				CLANG_WARN_BLOCK_CAPTURE_AUTORELEASING = YES;
				CLANG_WARN_BOOL_CONVERSION = YES;
				CLANG_WARN_COMMA = YES;
				CLANG_WARN_CONSTANT_CONVERSION = YES;
				CLANG_WARN_DEPRECATED_OBJC_IMPLEMENTATIONS = YES;
				CLANG_WARN_DIRECT_OBJC_ISA_USAGE = YES_ERROR;
				CLANG_WARN_DOCUMENTATION_COMMENTS = YES;
				CLANG_WARN_EMPTY_BODY = YES;
				CLANG_WARN_ENUM_CONVERSION = YES;
				CLANG_WARN_INFINITE_RECURSION = YES;
				CLANG_WARN_INT_CONVERSION = YES;
				CLANG_WARN_NON_LITERAL_NULL_CONVERSION = YES;
				CLANG_WARN_OBJC_IMPLICIT_RETAIN_SELF = YES;
				CLANG_WARN_OBJC_LITERAL_CONVERSION = YES;
				CLANG_WARN_OBJC_ROOT_CLASS = YES_ERROR;
				CLANG_WARN_RANGE_LOOP_ANALYSIS = YES;
				CLANG_WARN_STRICT_PROTOTYPES = YES;
				CLANG_WARN_SUSPICIOUS_MOVE = YES;
				CLANG_WARN_UNGUARDED_AVAILABILITY = YES_AGGRESSIVE;
				CLANG_WARN_UNREACHABLE_CODE = YES;
				CLANG_WARN__DUPLICATE_METHOD_MATCH = YES;
				COPY_PHASE_STRIP = NO;
				DEBUG_INFORMATION_FORMAT = "dwarf-with-dsym";
				ENABLE_NS_ASSERTIONS = NO;
				ENABLE_STRICT_OBJC_MSGSEND = YES;
				GCC_C_LANGUAGE_STANDARD = gnu11;
				GCC_NO_COMMON_BLOCKS = YES;
				GCC_WARN_64_TO_32_BIT_CONVERSION = YES;
				GCC_WARN_ABOUT_RETURN_TYPE = YES_ERROR;
				GCC_WARN_UNDECLARED_SELECTOR = YES;
				GCC_WARN_UNINITIALIZED_AUTOS = YES_AGGRESSIVE;
				GCC_WARN_UNUSED_FUNCTION = YES;
				GCC_WARN_UNUSED_VARIABLE = YES;
				IPHONEOS_DEPLOYMENT_TARGET = 13.2;
				MTL_ENABLE_DEBUG_INFO = NO;
				MTL_FAST_MATH = YES;
				SDKROOT = iphoneos;
				SWIFT_COMPILATION_MODE = wholemodule;
				SWIFT_OPTIMIZATION_LEVEL = "-O";
				VALIDATE_PRODUCT = YES;
			};
			name = Release;
		};
		CBE4167424ED0A36009A23AB /* Debug */ = {
			isa = XCBuildConfiguration;
			baseConfigurationReference = 25B1086A05EEDE7A117538FC /* Pods-FireChat.debug.xcconfig */;
			buildSettings = {
				ASSETCATALOG_COMPILER_APPICON_NAME = AppIcon;
				CODE_SIGN_STYLE = Automatic;
				DEVELOPMENT_TEAM = K8M973GY56;
				INFOPLIST_FILE = FireChat/Info.plist;
				LD_RUNPATH_SEARCH_PATHS = (
					"$(inherited)",
					"@executable_path/Frameworks",
				);
				PRODUCT_BUNDLE_IDENTIFIER = com.merouanebellaha.FireChat;
				PRODUCT_NAME = "$(TARGET_NAME)";
				SWIFT_VERSION = 5.0;
				TARGETED_DEVICE_FAMILY = "1,2";
			};
			name = Debug;
		};
		CBE4167524ED0A36009A23AB /* Release */ = {
			isa = XCBuildConfiguration;
			baseConfigurationReference = 6217E6873D68D33EE2D170C9 /* Pods-FireChat.release.xcconfig */;
			buildSettings = {
				ASSETCATALOG_COMPILER_APPICON_NAME = AppIcon;
				CODE_SIGN_STYLE = Automatic;
				DEVELOPMENT_TEAM = K8M973GY56;
				INFOPLIST_FILE = FireChat/Info.plist;
				LD_RUNPATH_SEARCH_PATHS = (
					"$(inherited)",
					"@executable_path/Frameworks",
				);
				PRODUCT_BUNDLE_IDENTIFIER = com.merouanebellaha.FireChat;
				PRODUCT_NAME = "$(TARGET_NAME)";
				SWIFT_VERSION = 5.0;
				TARGETED_DEVICE_FAMILY = "1,2";
			};
			name = Release;
		};
/* End XCBuildConfiguration section */

/* Begin XCConfigurationList section */
		CBE4165A24ED0A34009A23AB /* Build configuration list for PBXProject "FireChat" */ = {
			isa = XCConfigurationList;
			buildConfigurations = (
				CBE4167124ED0A36009A23AB /* Debug */,
				CBE4167224ED0A36009A23AB /* Release */,
			);
			defaultConfigurationIsVisible = 0;
			defaultConfigurationName = Release;
		};
		CBE4167324ED0A36009A23AB /* Build configuration list for PBXNativeTarget "FireChat" */ = {
			isa = XCConfigurationList;
			buildConfigurations = (
				CBE4167424ED0A36009A23AB /* Debug */,
				CBE4167524ED0A36009A23AB /* Release */,
			);
			defaultConfigurationIsVisible = 0;
			defaultConfigurationName = Release;
		};
/* End XCConfigurationList section */
	};
	rootObject = CBE4165724ED0A34009A23AB /* Project object */;
}
